
Microsoft Visual Studio Solution File, Format Version 12.00
# Visual Studio 15
VisualStudioVersion = 15.0.27130.2036
MinimumVisualStudioVersion = 10.0.40219.1
Project("{FAE04EC0-301F-11D3-BF4B-00C04F79EFBC}") = "Method Exercises - Monday", "Method Exercises - Monday\Method Exercises - Monday.csproj", "{E79C8402-8187-4E30-A76E-4FDE1BC5BC02}"
EndProject
Global
	GlobalSection(SolutionConfigurationPlatforms) = preSolution
		Debug|Any CPU = Debug|Any CPU
		Release|Any CPU = Release|Any CPU
	EndGlobalSection
	GlobalSection(ProjectConfigurationPlatforms) = postSolution
		{E79C8402-8187-4E30-A76E-4FDE1BC5BC02}.Debug|Any CPU.ActiveCfg = Debug|Any CPU
		{E79C8402-8187-4E30-A76E-4FDE1BC5BC02}.Debug|Any CPU.Build.0 = Debug|Any CPU
		{E79C8402-8187-4E30-A76E-4FDE1BC5BC02}.Release|Any CPU.ActiveCfg = Release|Any CPU
		{E79C8402-8187-4E30-A76E-4FDE1BC5BC02}.Release|Any CPU.Build.0 = Release|Any CPU
	EndGlobalSection
	GlobalSection(SolutionProperties) = preSolution
		HideSolutionNode = FALSE
	EndGlobalSection
	GlobalSection(ExtensibilityGlobals) = postSolution
		SolutionGuid = {C3BCEC8D-9372-45B2-BFB8-3987B57D448B}
	EndGlobalSection
EndGlobal
