
Microsoft Visual Studio Solution File, Format Version 12.00
# Visual Studio 15
VisualStudioVersion = 15.0.28010.2019
MinimumVisualStudioVersion = 10.0.40219.1
Project("{FAE04EC0-301F-11D3-BF4B-00C04F79EFBC}") = "Thursday - Classes", "Thursday - Classes\Thursday - Classes.csproj", "{63BA0E76-E4C2-4DBD-ACC7-A2FB963FEECB}"
EndProject
Global
	GlobalSection(SolutionConfigurationPlatforms) = preSolution
		Debug|Any CPU = Debug|Any CPU
		Release|Any CPU = Release|Any CPU
	EndGlobalSection
	GlobalSection(ProjectConfigurationPlatforms) = postSolution
		{63BA0E76-E4C2-4DBD-ACC7-A2FB963FEECB}.Debug|Any CPU.ActiveCfg = Debug|Any CPU
		{63BA0E76-E4C2-4DBD-ACC7-A2FB963FEECB}.Debug|Any CPU.Build.0 = Debug|Any CPU
		{63BA0E76-E4C2-4DBD-ACC7-A2FB963FEECB}.Release|Any CPU.ActiveCfg = Release|Any CPU
		{63BA0E76-E4C2-4DBD-ACC7-A2FB963FEECB}.Release|Any CPU.Build.0 = Release|Any CPU
	EndGlobalSection
	GlobalSection(SolutionProperties) = preSolution
		HideSolutionNode = FALSE
	EndGlobalSection
	GlobalSection(ExtensibilityGlobals) = postSolution
		SolutionGuid = {A8862F6B-BFD2-44C4-873B-05B5DAF510CF}
	EndGlobalSection
EndGlobal
